
Microsoft Visual Studio Solution File, Format Version 12.00
# Visual Studio Version 17
VisualStudioVersion = 17.10.35122.118
MinimumVisualStudioVersion = 10.0.40219.1
Project("{9A19103F-16F7-4668-BE54-9A1E7A4F7556}") = "AutoReloadApp", "AutoReloadApp\AutoReloadApp.csproj", "{D6FA24DD-A0C0-4EAE-902E-926EA2E0C907}"
EndProject
Project("{54435603-DBB4-11D2-8724-00A0C9A8B90C}") = "SetupAppVer2", "SetupAppVer2\SetupAppVer2.vdproj", "{48E583AE-CBAE-44DE-9629-80FE6F58A8CE}"
EndProject
Project("{54435603-DBB4-11D2-8724-00A0C9A8B90C}") = "AutoReloadVer3", "AutoReloadVer3\AutoReloadVer3.vdproj", "{AC3338F5-FEFD-4A13-BE0D-DB634DAA21CF}"
EndProject
Global
	GlobalSection(SolutionConfigurationPlatforms) = preSolution
		Debug|Any CPU = Debug|Any CPU
		DefaultBuild|Any CPU = DefaultBuild|Any CPU
		Release|Any CPU = Release|Any CPU
	EndGlobalSection
	GlobalSection(ProjectConfigurationPlatforms) = postSolution
		{D6FA24DD-A0C0-4EAE-902E-926EA2E0C907}.Debug|Any CPU.ActiveCfg = Debug|Any CPU
		{D6FA24DD-A0C0-4EAE-902E-926EA2E0C907}.Debug|Any CPU.Build.0 = Debug|Any CPU
		{D6FA24DD-A0C0-4EAE-902E-926EA2E0C907}.DefaultBuild|Any CPU.ActiveCfg = Debug|Any CPU
		{D6FA24DD-A0C0-4EAE-902E-926EA2E0C907}.DefaultBuild|Any CPU.Build.0 = Debug|Any CPU
		{D6FA24DD-A0C0-4EAE-902E-926EA2E0C907}.Release|Any CPU.ActiveCfg = Release|Any CPU
		{D6FA24DD-A0C0-4EAE-902E-926EA2E0C907}.Release|Any CPU.Build.0 = Release|Any CPU
		{48E583AE-CBAE-44DE-9629-80FE6F58A8CE}.Debug|Any CPU.ActiveCfg = Debug
		{48E583AE-CBAE-44DE-9629-80FE6F58A8CE}.DefaultBuild|Any CPU.ActiveCfg = Debug
		{48E583AE-CBAE-44DE-9629-80FE6F58A8CE}.Release|Any CPU.ActiveCfg = Release
		{AC3338F5-FEFD-4A13-BE0D-DB634DAA21CF}.Debug|Any CPU.ActiveCfg = Debug
		{AC3338F5-FEFD-4A13-BE0D-DB634DAA21CF}.DefaultBuild|Any CPU.ActiveCfg = Debug
		{AC3338F5-FEFD-4A13-BE0D-DB634DAA21CF}.Release|Any CPU.ActiveCfg = Release
	EndGlobalSection
	GlobalSection(SolutionProperties) = preSolution
		HideSolutionNode = FALSE
	EndGlobalSection
	GlobalSection(ExtensibilityGlobals) = postSolution
		SolutionGuid = {248C6E9C-E111-4F18-AF8F-347CBE87AEED}
	EndGlobalSection
EndGlobal
